
Microsoft Visual Studio Solution File, Format Version 12.00
# Visual Studio Version 17
VisualStudioVersion = 17.13.35818.85 d17.13
MinimumVisualStudioVersion = 10.0.40219.1
Project("{FAE04EC0-301F-11D3-BF4B-00C04F79EFBC}") = "ConsoleApp3", "ConsoleApp3.csproj", "{3FFA483E-AED1-4B90-82F3-E416C1E90ACC}"
EndProject
Global
	GlobalSection(SolutionConfigurationPlatforms) = preSolution
		Debug|Any CPU = Debug|Any CPU
		Release|Any CPU = Release|Any CPU
	EndGlobalSection
	GlobalSection(ProjectConfigurationPlatforms) = postSolution
		{3FFA483E-AED1-4B90-82F3-E416C1E90ACC}.Debug|Any CPU.ActiveCfg = Debug|Any CPU
		{3FFA483E-AED1-4B90-82F3-E416C1E90ACC}.Debug|Any CPU.Build.0 = Debug|Any CPU
		{3FFA483E-AED1-4B90-82F3-E416C1E90ACC}.Release|Any CPU.ActiveCfg = Release|Any CPU
		{3FFA483E-AED1-4B90-82F3-E416C1E90ACC}.Release|Any CPU.Build.0 = Release|Any CPU
	EndGlobalSection
	GlobalSection(SolutionProperties) = preSolution
		HideSolutionNode = FALSE
	EndGlobalSection
	GlobalSection(ExtensibilityGlobals) = postSolution
		SolutionGuid = {530BD0FD-DA7D-4F4A-9D92-55BA61935ACF}
	EndGlobalSection
EndGlobal
